// !$*UTF8*$!
{
	archiveVersion = 1;
	classes = {
	};
	objectVersion = 50;
	objects = {

/* Begin PBXBuildFile section */
		7325B81C20D3F719003CA497 /* GLESView.mm in Sources */ = {isa = PBXBuildFile; fileRef = 7325B81920D3F719003CA497 /* GLESView.mm */; };
		7325B81D20D3F719003CA497 /* Vijay_Kundali.bmp in Resources */ = {isa = PBXBuildFile; fileRef = 7325B81B20D3F719003CA497 /* Vijay_Kundali.bmp */; };
		7325B81F20D3F75A003CA497 /* Stone.bmp in Resources */ = {isa = PBXBuildFile; fileRef = 7325B81E20D3F75A003CA497 /* Stone.bmp */; };
		7386AFB820D3A3D4005D2A7A /* AppDelegate.m in Sources */ = {isa = PBXBuildFile; fileRef = 7386AFB720D3A3D4005D2A7A /* AppDelegate.m */; };
		7386AFBB20D3A3D4005D2A7A /* ViewController.m in Sources */ = {isa = PBXBuildFile; fileRef = 7386AFBA20D3A3D4005D2A7A /* ViewController.m */; };
		7386AFBE20D3A3D4005D2A7A /* Main.storyboard in Resources */ = {isa = PBXBuildFile; fileRef = 7386AFBC20D3A3D4005D2A7A /* Main.storyboard */; };
		7386AFC020D3A3D6005D2A7A /* Assets.xcassets in Resources */ = {isa = PBXBuildFile; fileRef = 7386AFBF20D3A3D6005D2A7A /* Assets.xcassets */; };
		7386AFC320D3A3D6005D2A7A /* LaunchScreen.storyboard in Resources */ = {isa = PBXBuildFile; fileRef = 7386AFC120D3A3D6005D2A7A /* LaunchScreen.storyboard */; };
		7386AFC620D3A3D6005D2A7A /* main.m in Sources */ = {isa = PBXBuildFile; fileRef = 7386AFC520D3A3D6005D2A7A /* main.m */; };
		7386AFCD20D3A413005D2A7A /* Default-568h@2x.png in Resources */ = {isa = PBXBuildFile; fileRef = 7386AFCC20D3A413005D2A7A /* Default-568h@2x.png */; };
/* End PBXBuildFile section */

/* Begin PBXFileReference section */
		7325B81920D3F719003CA497 /* GLESView.mm */ = {isa = PBXFileReference; fileEncoding = 4; lastKnownFileType = sourcecode.cpp.objcpp; path = GLESView.mm; sourceTree = "<group>"; };
		7325B81A20D3F719003CA497 /* vmath.h */ = {isa = PBXFileReference; fileEncoding = 4; lastKnownFileType = sourcecode.c.h; path = vmath.h; sourceTree = "<group>"; };
		7325B81B20D3F719003CA497 /* Vijay_Kundali.bmp */ = {isa = PBXFileReference; lastKnownFileType = image.bmp; name = Vijay_Kundali.bmp; path = Resources/Vijay_Kundali.bmp; sourceTree = "<group>"; };
		7325B81E20D3F75A003CA497 /* Stone.bmp */ = {isa = PBXFileReference; lastKnownFileType = image.bmp; name = Stone.bmp; path = Pyramid_Kundali/Stone.bmp; sourceTree = SOURCE_ROOT; };
		7325B82020D3F7AF003CA497 /* GLESView.h */ = {isa = PBXFileReference; fileEncoding = 4; lastKnownFileType = sourcecode.c.h; path = GLESView.h; sourceTree = "<group>"; };
		7386AFB320D3A3D4005D2A7A /* Pyramid_Kundali.app */ = {isa = PBXFileReference; explicitFileType = wrapper.application; includeInIndex = 0; path = Pyramid_Kundali.app; sourceTree = BUILT_PRODUCTS_DIR; };
		7386AFB620D3A3D4005D2A7A /* AppDelegate.h */ = {isa = PBXFileReference; lastKnownFileType = sourcecode.c.h; path = AppDelegate.h; sourceTree = "<group>"; };
		7386AFB720D3A3D4005D2A7A /* AppDelegate.m */ = {isa = PBXFileReference; lastKnownFileType = sourcecode.c.objc; path = AppDelegate.m; sourceTree = "<group>"; };
		7386AFB920D3A3D4005D2A7A /* ViewController.h */ = {isa = PBXFileReference; lastKnownFileType = sourcecode.c.h; path = ViewController.h; sourceTree = "<group>"; };
		7386AFBA20D3A3D4005D2A7A /* ViewController.m */ = {isa = PBXFileReference; lastKnownFileType = sourcecode.c.objc; path = ViewController.m; sourceTree = "<group>"; };
		7386AFBD20D3A3D4005D2A7A /* Base */ = {isa = PBXFileReference; lastKnownFileType = file.storyboard; name = Base; path = Base.lproj/Main.storyboard; sourceTree = "<group>"; };
		7386AFBF20D3A3D6005D2A7A /* Assets.xcassets */ = {isa = PBXFileReference; lastKnownFileType = folder.assetcatalog; path = Assets.xcassets; sourceTree = "<group>"; };
		7386AFC220D3A3D6005D2A7A /* Base */ = {isa = PBXFileReference; lastKnownFileType = file.storyboard; name = Base; path = Base.lproj/LaunchScreen.storyboard; sourceTree = "<group>"; };
		7386AFC420D3A3D6005D2A7A /* Info.plist */ = {isa = PBXFileReference; lastKnownFileType = text.plist.xml; path = Info.plist; sourceTree = "<group>"; };
		7386AFC520D3A3D6005D2A7A /* main.m */ = {isa = PBXFileReference; lastKnownFileType = sourcecode.c.objc; path = main.m; sourceTree = "<group>"; };
		7386AFCC20D3A413005D2A7A /* Default-568h@2x.png */ = {isa = PBXFileReference; lastKnownFileType = image.png; path = "Default-568h@2x.png"; sourceTree = "<group>"; };
/* End PBXFileReference section */

/* Begin PBXFrameworksBuildPhase section */
		7386AFB020D3A3D4005D2A7A /* Frameworks */ = {
			isa = PBXFrameworksBuildPhase;
			buildActionMask = 2147483647;
			files = (
			);
			runOnlyForDeploymentPostprocessing = 0;
		};
/* End PBXFrameworksBuildPhase section */

/* Begin PBXGroup section */
		7386AFAA20D3A3D4005D2A7A = {
			isa = PBXGroup;
			children = (
				7386AFB520D3A3D4005D2A7A /* Pyramid_Kundali */,
				7386AFB420D3A3D4005D2A7A /* Products */,
			);
			sourceTree = "<group>";
		};
		7386AFB420D3A3D4005D2A7A /* Products */ = {
			isa = PBXGroup;
			children = (
				7386AFB320D3A3D4005D2A7A /* Pyramid_Kundali.app */,
			);
			name = Products;
			sourceTree = "<group>";
		};
		7386AFB520D3A3D4005D2A7A /* Pyramid_Kundali */ = {
			isa = PBXGroup;
			children = (
				7386AFCE20D3A496005D2A7A /* Resources */,
				7386AFB620D3A3D4005D2A7A /* AppDelegate.h */,
				7325B81920D3F719003CA497 /* GLESView.mm */,
				7325B82020D3F7AF003CA497 /* GLESView.h */,
				7325B81A20D3F719003CA497 /* vmath.h */,
				7325B81E20D3F75A003CA497 /* Stone.bmp */,
				7325B81B20D3F719003CA497 /* Vijay_Kundali.bmp */,
				7386AFB720D3A3D4005D2A7A /* AppDelegate.m */,
				7386AFB920D3A3D4005D2A7A /* ViewController.h */,
				7386AFBA20D3A3D4005D2A7A /* ViewController.m */,
				7386AFBC20D3A3D4005D2A7A /* Main.storyboard */,
				7386AFBF20D3A3D6005D2A7A /* Assets.xcassets */,
				7386AFC120D3A3D6005D2A7A /* LaunchScreen.storyboard */,
				7386AFC420D3A3D6005D2A7A /* Info.plist */,
				7386AFC520D3A3D6005D2A7A /* main.m */,
			);
			path = Pyramid_Kundali;
			sourceTree = "<group>";
		};
		7386AFCE20D3A496005D2A7A /* Resources */ = {
			isa = PBXGroup;
			children = (
				7386AFCC20D3A413005D2A7A /* Default-568h@2x.png */,
			);
			path = Resources;
			sourceTree = "<group>";
		};
/* End PBXGroup section */

/* Begin PBXNativeTarget section */
		7386AFB220D3A3D4005D2A7A /* Pyramid_Kundali */ = {
			isa = PBXNativeTarget;
			buildConfigurationList = 7386AFC920D3A3D6005D2A7A /* Build configuration list for PBXNativeTarget "Pyramid_Kundali" */;
			buildPhases = (
				7386AFAF20D3A3D4005D2A7A /* Sources */,
				7386AFB020D3A3D4005D2A7A /* Frameworks */,
				7386AFB120D3A3D4005D2A7A /* Resources */,
			);
			buildRules = (
			);
			dependencies = (
			);
			name = Pyramid_Kundali;
			productName = Pyramid_Kundali;
			productReference = 7386AFB320D3A3D4005D2A7A /* Pyramid_Kundali.app */;
			productType = "com.apple.product-type.application";
		};
/* End PBXNativeTarget section */

/* Begin PBXProject section */
		7386AFAB20D3A3D4005D2A7A /* Project object */ = {
			isa = PBXProject;
			attributes = {
				LastUpgradeCheck = 0940;
				TargetAttributes = {
					7386AFB220D3A3D4005D2A7A = {
						CreatedOnToolsVersion = 9.4;
					};
				};
			};
			buildConfigurationList = 7386AFAE20D3A3D4005D2A7A /* Build configuration list for PBXProject "Pyramid_Kundali" */;
			compatibilityVersion = "Xcode 9.3";
			developmentRegion = en;
			hasScannedForEncodings = 0;
			knownRegions = (
				en,
				Base,
			);
			mainGroup = 7386AFAA20D3A3D4005D2A7A;
			productRefGroup = 7386AFB420D3A3D4005D2A7A /* Products */;
			projectDirPath = "";
			projectRoot = "";
			targets = (
				7386AFB220D3A3D4005D2A7A /* Pyramid_Kundali */,
			);
		};
/* End PBXProject section */

/* Begin PBXResourcesBuildPhase section */
		7386AFB120D3A3D4005D2A7A /* Resources */ = {
			isa = PBXResourcesBuildPhase;
			buildActionMask = 2147483647;
			files = (
				7386AFC320D3A3D6005D2A7A /* LaunchScreen.storyboard in Resources */,
				7325B81D20D3F719003CA497 /* Vijay_Kundali.bmp in Resources */,
				7386AFCD20D3A413005D2A7A /* Default-568h@2x.png in Resources */,
				7386AFC020D3A3D6005D2A7A /* Assets.xcassets in Resources */,
				7386AFBE20D3A3D4005D2A7A /* Main.storyboard in Resources */,
				7325B81F20D3F75A003CA497 /* Stone.bmp in Resources */,
			);
			runOnlyForDeploymentPostprocessing = 0;
		};
/* End PBXResourcesBuildPhase section */

/* Begin PBXSourcesBuildPhase section */
		7386AFAF20D3A3D4005D2A7A /* Sources */ = {
			isa = PBXSourcesBuildPhase;
			buildActionMask = 2147483647;
			files = (
				7386AFBB20D3A3D4005D2A7A /* ViewController.m in Sources */,
				7325B81C20D3F719003CA497 /* GLESView.mm in Sources */,
				7386AFC620D3A3D6005D2A7A /* main.m in Sources */,
				7386AFB820D3A3D4005D2A7A /* AppDelegate.m in Sources */,
			);
			runOnlyForDeploymentPostprocessing = 0;
		};
/* End PBXSourcesBuildPhase section */

/* Begin PBXVariantGroup section */
		7386AFBC20D3A3D4005D2A7A /* Main.storyboard */ = {
			isa = PBXVariantGroup;
			children = (
				7386AFBD20D3A3D4005D2A7A /* Base */,
			);
			name = Main.storyboard;
			sourceTree = "<group>";
		};
		7386AFC120D3A3D6005D2A7A /* LaunchScreen.storyboard */ = {
			isa = PBXVariantGroup;
			children = (
				7386AFC220D3A3D6005D2A7A /* Base */,
			);
			name = LaunchScreen.storyboard;
			sourceTree = "<group>";
		};
/* End PBXVariantGroup section */

/* Begin XCBuildConfiguration section */
		7386AFC720D3A3D6005D2A7A /* Debug */ = {
			isa = XCBuildConfiguration;
			buildSettings = {
				ALWAYS_SEARCH_USER_PATHS = NO;
				CLANG_ANALYZER_NONNULL = YES;
				CLANG_ANALYZER_NUMBER_OBJECT_CONVERSION = YES_AGGRESSIVE;
				CLANG_CXX_LANGUAGE_STANDARD = "gnu++14";
				CLANG_CXX_LIBRARY = "libc++";
				CLANG_ENABLE_MODULES = YES;
				CLANG_ENABLE_OBJC_ARC = YES;
				CLANG_ENABLE_OBJC_WEAK = YES;
				CLANG_WARN_BLOCK_CAPTURE_AUTORELEASING = YES;
				CLANG_WARN_BOOL_CONVERSION = YES;
				CLANG_WARN_COMMA = YES;
				CLANG_WARN_CONSTANT_CONVERSION = YES;
				CLANG_WARN_DEPRECATED_OBJC_IMPLEMENTATIONS = YES;
				CLANG_WARN_DIRECT_OBJC_ISA_USAGE = YES_ERROR;
				CLANG_WARN_DOCUMENTATION_COMMENTS = YES;
				CLANG_WARN_EMPTY_BODY = YES;
				CLANG_WARN_ENUM_CONVERSION = YES;
				CLANG_WARN_INFINITE_RECURSION = YES;
				CLANG_WARN_INT_CONVERSION = YES;
				CLANG_WARN_NON_LITERAL_NULL_CONVERSION = YES;
				CLANG_WARN_OBJC_IMPLICIT_RETAIN_SELF = YES;
				CLANG_WARN_OBJC_LITERAL_CONVERSION = YES;
				CLANG_WARN_OBJC_ROOT_CLASS = YES_ERROR;
				CLANG_WARN_RANGE_LOOP_ANALYSIS = YES;
				CLANG_WARN_STRICT_PROTOTYPES = YES;
				CLANG_WARN_SUSPICIOUS_MOVE = YES;
				CLANG_WARN_UNGUARDED_AVAILABILITY = YES_AGGRESSIVE;
				CLANG_WARN_UNREACHABLE_CODE = YES;
				CLANG_WARN__DUPLICATE_METHOD_MATCH = YES;
				CODE_SIGN_IDENTITY = "iPhone Developer";
				COPY_PHASE_STRIP = NO;
				DEBUG_INFORMATION_FORMAT = dwarf;
				ENABLE_STRICT_OBJC_MSGSEND = YES;
				ENABLE_TESTABILITY = YES;
				GCC_C_LANGUAGE_STANDARD = gnu11;
				GCC_DYNAMIC_NO_PIC = NO;
				GCC_NO_COMMON_BLOCKS = YES;
				GCC_OPTIMIZATION_LEVEL = 0;
				GCC_PREPROCESSOR_DEFINITIONS = (
					"DEBUG=1",
					"$(inherited)",
				);
				GCC_WARN_64_TO_32_BIT_CONVERSION = YES;
				GCC_WARN_ABOUT_RETURN_TYPE = YES_ERROR;
				GCC_WARN_UNDECLARED_SELECTOR = YES;
				GCC_WARN_UNINITIALIZED_AUTOS = YES_AGGRESSIVE;
				GCC_WARN_UNUSED_FUNCTION = YES;
				GCC_WARN_UNUSED_VARIABLE = YES;
				IPHONEOS_DEPLOYMENT_TARGET = 11.4;
				MTL_ENABLE_DEBUG_INFO = YES;
				ONLY_ACTIVE_ARCH = YES;
				SDKROOT = iphoneos;
			};
			name = Debug;
		};
		7386AFC820D3A3D6005D2A7A /* Release */ = {
			isa = XCBuildConfiguration;
			buildSettings = {
				ALWAYS_SEARCH_USER_PATHS = NO;
				CLANG_ANALYZER_NONNULL = YES;
				CLANG_ANALYZER_NUMBER_OBJECT_CONVERSION = YES_AGGRESSIVE;
				CLANG_CXX_LANGUAGE_STANDARD = "gnu++14";
				CLANG_CXX_LIBRARY = "libc++";
				CLANG_ENABLE_MODULES = YES;
				CLANG_ENABLE_OBJC_ARC = YES;
				CLANG_ENABLE_OBJC_WEAK = YES;
				CLANG_WARN_BLOCK_CAPTURE_AUTORELEASING = YES;
				CLANG_WARN_BOOL_CONVERSION = YES;
				CLANG_WARN_COMMA = YES;
				CLANG_WARN_CONSTANT_CONVERSION = YES;
				CLANG_WARN_DEPRECATED_OBJC_IMPLEMENTATIONS = YES;
				CLANG_WARN_DIRECT_OBJC_ISA_USAGE = YES_ERROR;
				CLANG_WARN_DOCUMENTATION_COMMENTS = YES;
				CLANG_WARN_EMPTY_BODY = YES;
				CLANG_WARN_ENUM_CONVERSION = YES;
				CLANG_WARN_INFINITE_RECURSION = YES;
				CLANG_WARN_INT_CONVERSION = YES;
				CLANG_WARN_NON_LITERAL_NULL_CONVERSION = YES;
				CLANG_WARN_OBJC_IMPLICIT_RETAIN_SELF = YES;
				CLANG_WARN_OBJC_LITERAL_CONVERSION = YES;
				CLANG_WARN_OBJC_ROOT_CLASS = YES_ERROR;
				CLANG_WARN_RANGE_LOOP_ANALYSIS = YES;
				CLANG_WARN_STRICT_PROTOTYPES = YES;
				CLANG_WARN_SUSPICIOUS_MOVE = YES;
				CLANG_WARN_UNGUARDED_AVAILABILITY = YES_AGGRESSIVE;
				CLANG_WARN_UNREACHABLE_CODE = YES;
				CLANG_WARN__DUPLICATE_METHOD_MATCH = YES;
				CODE_SIGN_IDENTITY = "iPhone Developer";
				COPY_PHASE_STRIP = NO;
				DEBUG_INFORMATION_FORMAT = "dwarf-with-dsym";
				ENABLE_NS_ASSERTIONS = NO;
				ENABLE_STRICT_OBJC_MSGSEND = YES;
				GCC_C_LANGUAGE_STANDARD = gnu11;
				GCC_NO_COMMON_BLOCKS = YES;
				GCC_WARN_64_TO_32_BIT_CONVERSION = YES;
				GCC_WARN_ABOUT_RETURN_TYPE = YES_ERROR;
				GCC_WARN_UNDECLARED_SELECTOR = YES;
				GCC_WARN_UNINITIALIZED_AUTOS = YES_AGGRESSIVE;
				GCC_WARN_UNUSED_FUNCTION = YES;
				GCC_WARN_UNUSED_VARIABLE = YES;
				IPHONEOS_DEPLOYMENT_TARGET = 11.4;
				MTL_ENABLE_DEBUG_INFO = NO;
				SDKROOT = iphoneos;
				VALIDATE_PRODUCT = YES;
			};
			name = Release;
		};
		7386AFCA20D3A3D6005D2A7A /* Debug */ = {
			isa = XCBuildConfiguration;
			buildSettings = {
				ASSETCATALOG_COMPILER_APPICON_NAME = AppIcon;
				CLANG_ENABLE_OBJC_ARC = NO;
				CODE_SIGN_STYLE = Manual;
				DEVELOPMENT_TEAM = "";
				INFOPLIST_FILE = Pyramid_Kundali/Info.plist;
				LD_RUNPATH_SEARCH_PATHS = (
					"$(inherited)",
					"@executable_path/Frameworks",
				);
				PRODUCT_BUNDLE_IDENTIFIER = "astromedicomp.org.Pyramid-Kundali";
				PRODUCT_NAME = "$(TARGET_NAME)";
				PROVISIONING_PROFILE_SPECIFIER = "";
				TARGETED_DEVICE_FAMILY = 1;
			};
			name = Debug;
		};
		7386AFCB20D3A3D6005D2A7A /* Release */ = {
			isa = XCBuildConfiguration;
			buildSettings = {
				ASSETCATALOG_COMPILER_APPICON_NAME = AppIcon;
				CLANG_ENABLE_OBJC_ARC = NO;
				CODE_SIGN_STYLE = Manual;
				DEVELOPMENT_TEAM = "";
				INFOPLIST_FILE = Pyramid_Kundali/Info.plist;
				LD_RUNPATH_SEARCH_PATHS = (
					"$(inherited)",
					"@executable_path/Frameworks",
				);
				PRODUCT_BUNDLE_IDENTIFIER = "astromedicomp.org.Pyramid-Kundali";
				PRODUCT_NAME = "$(TARGET_NAME)";
				PROVISIONING_PROFILE_SPECIFIER = "";
				TARGETED_DEVICE_FAMILY = 1;
			};
			name = Release;
		};
/* End XCBuildConfiguration section */

/* Begin XCConfigurationList section */
		7386AFAE20D3A3D4005D2A7A /* Build configuration list for PBXProject "Pyramid_Kundali" */ = {
			isa = XCConfigurationList;
			buildConfigurations = (
				7386AFC720D3A3D6005D2A7A /* Debug */,
				7386AFC820D3A3D6005D2A7A /* Release */,
			);
			defaultConfigurationIsVisible = 0;
			defaultConfigurationName = Release;
		};
		7386AFC920D3A3D6005D2A7A /* Build configuration list for PBXNativeTarget "Pyramid_Kundali" */ = {
			isa = XCConfigurationList;
			buildConfigurations = (
				7386AFCA20D3A3D6005D2A7A /* Debug */,
				7386AFCB20D3A3D6005D2A7A /* Release */,
			);
			defaultConfigurationIsVisible = 0;
			defaultConfigurationName = Release;
		};
/* End XCConfigurationList section */
	};
	rootObject = 7386AFAB20D3A3D4005D2A7A /* Project object */;
}
