// !$*UTF8*$!
{
	archiveVersion = 1;
	classes = {
	};
	objectVersion = 50;
	objects = {

/* Begin PBXBuildFile section */
		730841B120FF6443004DE88A /* AppDelegate.m in Sources */ = {isa = PBXBuildFile; fileRef = 730841B020FF6443004DE88A /* AppDelegate.m */; };
		730841B420FF6443004DE88A /* ViewController.m in Sources */ = {isa = PBXBuildFile; fileRef = 730841B320FF6443004DE88A /* ViewController.m */; };
		730841B720FF6443004DE88A /* Main.storyboard in Resources */ = {isa = PBXBuildFile; fileRef = 730841B520FF6443004DE88A /* Main.storyboard */; };
		730841B920FF6445004DE88A /* Assets.xcassets in Resources */ = {isa = PBXBuildFile; fileRef = 730841B820FF6445004DE88A /* Assets.xcassets */; };
		730841BC20FF6445004DE88A /* LaunchScreen.storyboard in Resources */ = {isa = PBXBuildFile; fileRef = 730841BA20FF6445004DE88A /* LaunchScreen.storyboard */; };
		730841BF20FF6445004DE88A /* main.m in Sources */ = {isa = PBXBuildFile; fileRef = 730841BE20FF6445004DE88A /* main.m */; };
		730841C620FF646B004DE88A /* Default-568h@2x.png in Resources */ = {isa = PBXBuildFile; fileRef = 730841C520FF646B004DE88A /* Default-568h@2x.png */; };
		730841CC20FF66B9004DE88A /* GLESView.mm in Sources */ = {isa = PBXBuildFile; fileRef = 730841C820FF66B8004DE88A /* GLESView.mm */; };
/* End PBXBuildFile section */

/* Begin PBXFileReference section */
		730841AC20FF6443004DE88A /* Three_Lights_Fragment.app */ = {isa = PBXFileReference; explicitFileType = wrapper.application; includeInIndex = 0; path = Three_Lights_Fragment.app; sourceTree = BUILT_PRODUCTS_DIR; };
		730841AF20FF6443004DE88A /* AppDelegate.h */ = {isa = PBXFileReference; lastKnownFileType = sourcecode.c.h; path = AppDelegate.h; sourceTree = "<group>"; };
		730841B020FF6443004DE88A /* AppDelegate.m */ = {isa = PBXFileReference; lastKnownFileType = sourcecode.c.objc; path = AppDelegate.m; sourceTree = "<group>"; };
		730841B220FF6443004DE88A /* ViewController.h */ = {isa = PBXFileReference; lastKnownFileType = sourcecode.c.h; path = ViewController.h; sourceTree = "<group>"; };
		730841B320FF6443004DE88A /* ViewController.m */ = {isa = PBXFileReference; lastKnownFileType = sourcecode.c.objc; path = ViewController.m; sourceTree = "<group>"; };
		730841B620FF6443004DE88A /* Base */ = {isa = PBXFileReference; lastKnownFileType = file.storyboard; name = Base; path = Base.lproj/Main.storyboard; sourceTree = "<group>"; };
		730841B820FF6445004DE88A /* Assets.xcassets */ = {isa = PBXFileReference; lastKnownFileType = folder.assetcatalog; path = Assets.xcassets; sourceTree = "<group>"; };
		730841BB20FF6445004DE88A /* Base */ = {isa = PBXFileReference; lastKnownFileType = file.storyboard; name = Base; path = Base.lproj/LaunchScreen.storyboard; sourceTree = "<group>"; };
		730841BD20FF6445004DE88A /* Info.plist */ = {isa = PBXFileReference; lastKnownFileType = text.plist.xml; path = Info.plist; sourceTree = "<group>"; };
		730841BE20FF6445004DE88A /* main.m */ = {isa = PBXFileReference; lastKnownFileType = sourcecode.c.objc; path = main.m; sourceTree = "<group>"; };
		730841C520FF646B004DE88A /* Default-568h@2x.png */ = {isa = PBXFileReference; lastKnownFileType = image.png; path = "Default-568h@2x.png"; sourceTree = "<group>"; };
		730841C820FF66B8004DE88A /* GLESView.mm */ = {isa = PBXFileReference; fileEncoding = 4; lastKnownFileType = sourcecode.cpp.objcpp; path = GLESView.mm; sourceTree = "<group>"; };
		730841C920FF66B8004DE88A /* vmath.h */ = {isa = PBXFileReference; fileEncoding = 4; lastKnownFileType = sourcecode.c.h; path = vmath.h; sourceTree = "<group>"; };
		730841CA20FF66B9004DE88A /* Sphere.h */ = {isa = PBXFileReference; fileEncoding = 4; lastKnownFileType = sourcecode.c.h; path = Sphere.h; sourceTree = "<group>"; };
		730841CB20FF66B9004DE88A /* GLESView.h */ = {isa = PBXFileReference; fileEncoding = 4; lastKnownFileType = sourcecode.c.h; path = GLESView.h; sourceTree = "<group>"; };
/* End PBXFileReference section */

/* Begin PBXFrameworksBuildPhase section */
		730841A920FF6443004DE88A /* Frameworks */ = {
			isa = PBXFrameworksBuildPhase;
			buildActionMask = 2147483647;
			files = (
			);
			runOnlyForDeploymentPostprocessing = 0;
		};
/* End PBXFrameworksBuildPhase section */

/* Begin PBXGroup section */
		730841A320FF6443004DE88A = {
			isa = PBXGroup;
			children = (
				730841AE20FF6443004DE88A /* Three_Lights_Fragment */,
				730841AD20FF6443004DE88A /* Products */,
			);
			sourceTree = "<group>";
		};
		730841AD20FF6443004DE88A /* Products */ = {
			isa = PBXGroup;
			children = (
				730841AC20FF6443004DE88A /* Three_Lights_Fragment.app */,
			);
			name = Products;
			sourceTree = "<group>";
		};
		730841AE20FF6443004DE88A /* Three_Lights_Fragment */ = {
			isa = PBXGroup;
			children = (
				730841C720FF647E004DE88A /* Resources */,
				730841AF20FF6443004DE88A /* AppDelegate.h */,
				730841B020FF6443004DE88A /* AppDelegate.m */,
				730841B220FF6443004DE88A /* ViewController.h */,
				730841CB20FF66B9004DE88A /* GLESView.h */,
				730841C820FF66B8004DE88A /* GLESView.mm */,
				730841CA20FF66B9004DE88A /* Sphere.h */,
				730841C920FF66B8004DE88A /* vmath.h */,
				730841B320FF6443004DE88A /* ViewController.m */,
				730841B520FF6443004DE88A /* Main.storyboard */,
				730841B820FF6445004DE88A /* Assets.xcassets */,
				730841BA20FF6445004DE88A /* LaunchScreen.storyboard */,
				730841BD20FF6445004DE88A /* Info.plist */,
				730841BE20FF6445004DE88A /* main.m */,
			);
			path = Three_Lights_Fragment;
			sourceTree = "<group>";
		};
		730841C720FF647E004DE88A /* Resources */ = {
			isa = PBXGroup;
			children = (
				730841C520FF646B004DE88A /* Default-568h@2x.png */,
			);
			path = Resources;
			sourceTree = "<group>";
		};
/* End PBXGroup section */

/* Begin PBXNativeTarget section */
		730841AB20FF6443004DE88A /* Three_Lights_Fragment */ = {
			isa = PBXNativeTarget;
			buildConfigurationList = 730841C220FF6445004DE88A /* Build configuration list for PBXNativeTarget "Three_Lights_Fragment" */;
			buildPhases = (
				730841A820FF6443004DE88A /* Sources */,
				730841A920FF6443004DE88A /* Frameworks */,
				730841AA20FF6443004DE88A /* Resources */,
			);
			buildRules = (
			);
			dependencies = (
			);
			name = Three_Lights_Fragment;
			productName = Three_Lights_Fragment;
			productReference = 730841AC20FF6443004DE88A /* Three_Lights_Fragment.app */;
			productType = "com.apple.product-type.application";
		};
/* End PBXNativeTarget section */

/* Begin PBXProject section */
		730841A420FF6443004DE88A /* Project object */ = {
			isa = PBXProject;
			attributes = {
				LastUpgradeCheck = 0940;
				TargetAttributes = {
					730841AB20FF6443004DE88A = {
						CreatedOnToolsVersion = 9.4.1;
					};
				};
			};
			buildConfigurationList = 730841A720FF6443004DE88A /* Build configuration list for PBXProject "Three_Lights_Fragment" */;
			compatibilityVersion = "Xcode 9.3";
			developmentRegion = en;
			hasScannedForEncodings = 0;
			knownRegions = (
				en,
				Base,
			);
			mainGroup = 730841A320FF6443004DE88A;
			productRefGroup = 730841AD20FF6443004DE88A /* Products */;
			projectDirPath = "";
			projectRoot = "";
			targets = (
				730841AB20FF6443004DE88A /* Three_Lights_Fragment */,
			);
		};
/* End PBXProject section */

/* Begin PBXResourcesBuildPhase section */
		730841AA20FF6443004DE88A /* Resources */ = {
			isa = PBXResourcesBuildPhase;
			buildActionMask = 2147483647;
			files = (
				730841BC20FF6445004DE88A /* LaunchScreen.storyboard in Resources */,
				730841C620FF646B004DE88A /* Default-568h@2x.png in Resources */,
				730841B920FF6445004DE88A /* Assets.xcassets in Resources */,
				730841B720FF6443004DE88A /* Main.storyboard in Resources */,
			);
			runOnlyForDeploymentPostprocessing = 0;
		};
/* End PBXResourcesBuildPhase section */

/* Begin PBXSourcesBuildPhase section */
		730841A820FF6443004DE88A /* Sources */ = {
			isa = PBXSourcesBuildPhase;
			buildActionMask = 2147483647;
			files = (
				730841B420FF6443004DE88A /* ViewController.m in Sources */,
				730841CC20FF66B9004DE88A /* GLESView.mm in Sources */,
				730841BF20FF6445004DE88A /* main.m in Sources */,
				730841B120FF6443004DE88A /* AppDelegate.m in Sources */,
			);
			runOnlyForDeploymentPostprocessing = 0;
		};
/* End PBXSourcesBuildPhase section */

/* Begin PBXVariantGroup section */
		730841B520FF6443004DE88A /* Main.storyboard */ = {
			isa = PBXVariantGroup;
			children = (
				730841B620FF6443004DE88A /* Base */,
			);
			name = Main.storyboard;
			sourceTree = "<group>";
		};
		730841BA20FF6445004DE88A /* LaunchScreen.storyboard */ = {
			isa = PBXVariantGroup;
			children = (
				730841BB20FF6445004DE88A /* Base */,
			);
			name = LaunchScreen.storyboard;
			sourceTree = "<group>";
		};
/* End PBXVariantGroup section */

/* Begin XCBuildConfiguration section */
		730841C020FF6445004DE88A /* Debug */ = {
			isa = XCBuildConfiguration;
			buildSettings = {
				ALWAYS_SEARCH_USER_PATHS = NO;
				CLANG_ANALYZER_NONNULL = YES;
				CLANG_ANALYZER_NUMBER_OBJECT_CONVERSION = YES_AGGRESSIVE;
				CLANG_CXX_LANGUAGE_STANDARD = "gnu++14";
				CLANG_CXX_LIBRARY = "libc++";
				CLANG_ENABLE_MODULES = YES;
				CLANG_ENABLE_OBJC_ARC = YES;
				CLANG_ENABLE_OBJC_WEAK = YES;
				CLANG_WARN_BLOCK_CAPTURE_AUTORELEASING = YES;
				CLANG_WARN_BOOL_CONVERSION = YES;
				CLANG_WARN_COMMA = YES;
				CLANG_WARN_CONSTANT_CONVERSION = YES;
				CLANG_WARN_DEPRECATED_OBJC_IMPLEMENTATIONS = YES;
				CLANG_WARN_DIRECT_OBJC_ISA_USAGE = YES_ERROR;
				CLANG_WARN_DOCUMENTATION_COMMENTS = YES;
				CLANG_WARN_EMPTY_BODY = YES;
				CLANG_WARN_ENUM_CONVERSION = YES;
				CLANG_WARN_INFINITE_RECURSION = YES;
				CLANG_WARN_INT_CONVERSION = YES;
				CLANG_WARN_NON_LITERAL_NULL_CONVERSION = YES;
				CLANG_WARN_OBJC_IMPLICIT_RETAIN_SELF = YES;
				CLANG_WARN_OBJC_LITERAL_CONVERSION = YES;
				CLANG_WARN_OBJC_ROOT_CLASS = YES_ERROR;
				CLANG_WARN_RANGE_LOOP_ANALYSIS = YES;
				CLANG_WARN_STRICT_PROTOTYPES = YES;
				CLANG_WARN_SUSPICIOUS_MOVE = YES;
				CLANG_WARN_UNGUARDED_AVAILABILITY = YES_AGGRESSIVE;
				CLANG_WARN_UNREACHABLE_CODE = YES;
				CLANG_WARN__DUPLICATE_METHOD_MATCH = YES;
				CODE_SIGN_IDENTITY = "iPhone Developer";
				COPY_PHASE_STRIP = NO;
				DEBUG_INFORMATION_FORMAT = dwarf;
				ENABLE_STRICT_OBJC_MSGSEND = YES;
				ENABLE_TESTABILITY = YES;
				GCC_C_LANGUAGE_STANDARD = gnu11;
				GCC_DYNAMIC_NO_PIC = NO;
				GCC_NO_COMMON_BLOCKS = YES;
				GCC_OPTIMIZATION_LEVEL = 0;
				GCC_PREPROCESSOR_DEFINITIONS = (
					"DEBUG=1",
					"$(inherited)",
				);
				GCC_WARN_64_TO_32_BIT_CONVERSION = YES;
				GCC_WARN_ABOUT_RETURN_TYPE = YES_ERROR;
				GCC_WARN_UNDECLARED_SELECTOR = YES;
				GCC_WARN_UNINITIALIZED_AUTOS = YES_AGGRESSIVE;
				GCC_WARN_UNUSED_FUNCTION = YES;
				GCC_WARN_UNUSED_VARIABLE = YES;
				IPHONEOS_DEPLOYMENT_TARGET = 11.4;
				MTL_ENABLE_DEBUG_INFO = YES;
				ONLY_ACTIVE_ARCH = YES;
				SDKROOT = iphoneos;
			};
			name = Debug;
		};
		730841C120FF6445004DE88A /* Release */ = {
			isa = XCBuildConfiguration;
			buildSettings = {
				ALWAYS_SEARCH_USER_PATHS = NO;
				CLANG_ANALYZER_NONNULL = YES;
				CLANG_ANALYZER_NUMBER_OBJECT_CONVERSION = YES_AGGRESSIVE;
				CLANG_CXX_LANGUAGE_STANDARD = "gnu++14";
				CLANG_CXX_LIBRARY = "libc++";
				CLANG_ENABLE_MODULES = YES;
				CLANG_ENABLE_OBJC_ARC = YES;
				CLANG_ENABLE_OBJC_WEAK = YES;
				CLANG_WARN_BLOCK_CAPTURE_AUTORELEASING = YES;
				CLANG_WARN_BOOL_CONVERSION = YES;
				CLANG_WARN_COMMA = YES;
				CLANG_WARN_CONSTANT_CONVERSION = YES;
				CLANG_WARN_DEPRECATED_OBJC_IMPLEMENTATIONS = YES;
				CLANG_WARN_DIRECT_OBJC_ISA_USAGE = YES_ERROR;
				CLANG_WARN_DOCUMENTATION_COMMENTS = YES;
				CLANG_WARN_EMPTY_BODY = YES;
				CLANG_WARN_ENUM_CONVERSION = YES;
				CLANG_WARN_INFINITE_RECURSION = YES;
				CLANG_WARN_INT_CONVERSION = YES;
				CLANG_WARN_NON_LITERAL_NULL_CONVERSION = YES;
				CLANG_WARN_OBJC_IMPLICIT_RETAIN_SELF = YES;
				CLANG_WARN_OBJC_LITERAL_CONVERSION = YES;
				CLANG_WARN_OBJC_ROOT_CLASS = YES_ERROR;
				CLANG_WARN_RANGE_LOOP_ANALYSIS = YES;
				CLANG_WARN_STRICT_PROTOTYPES = YES;
				CLANG_WARN_SUSPICIOUS_MOVE = YES;
				CLANG_WARN_UNGUARDED_AVAILABILITY = YES_AGGRESSIVE;
				CLANG_WARN_UNREACHABLE_CODE = YES;
				CLANG_WARN__DUPLICATE_METHOD_MATCH = YES;
				CODE_SIGN_IDENTITY = "iPhone Developer";
				COPY_PHASE_STRIP = NO;
				DEBUG_INFORMATION_FORMAT = "dwarf-with-dsym";
				ENABLE_NS_ASSERTIONS = NO;
				ENABLE_STRICT_OBJC_MSGSEND = YES;
				GCC_C_LANGUAGE_STANDARD = gnu11;
				GCC_NO_COMMON_BLOCKS = YES;
				GCC_WARN_64_TO_32_BIT_CONVERSION = YES;
				GCC_WARN_ABOUT_RETURN_TYPE = YES_ERROR;
				GCC_WARN_UNDECLARED_SELECTOR = YES;
				GCC_WARN_UNINITIALIZED_AUTOS = YES_AGGRESSIVE;
				GCC_WARN_UNUSED_FUNCTION = YES;
				GCC_WARN_UNUSED_VARIABLE = YES;
				IPHONEOS_DEPLOYMENT_TARGET = 11.4;
				MTL_ENABLE_DEBUG_INFO = NO;
				SDKROOT = iphoneos;
				VALIDATE_PRODUCT = YES;
			};
			name = Release;
		};
		730841C320FF6445004DE88A /* Debug */ = {
			isa = XCBuildConfiguration;
			buildSettings = {
				ASSETCATALOG_COMPILER_APPICON_NAME = AppIcon;
				CLANG_ENABLE_OBJC_ARC = NO;
				CODE_SIGN_STYLE = Automatic;
				INFOPLIST_FILE = Three_Lights_Fragment/Info.plist;
				LD_RUNPATH_SEARCH_PATHS = (
					"$(inherited)",
					"@executable_path/Frameworks",
				);
				PRODUCT_BUNDLE_IDENTIFIER = "astromedicomp.org.Three-Lights-Fragment";
				PRODUCT_NAME = "$(TARGET_NAME)";
				TARGETED_DEVICE_FAMILY = 1;
			};
			name = Debug;
		};
		730841C420FF6445004DE88A /* Release */ = {
			isa = XCBuildConfiguration;
			buildSettings = {
				ASSETCATALOG_COMPILER_APPICON_NAME = AppIcon;
				CLANG_ENABLE_OBJC_ARC = NO;
				CODE_SIGN_STYLE = Automatic;
				INFOPLIST_FILE = Three_Lights_Fragment/Info.plist;
				LD_RUNPATH_SEARCH_PATHS = (
					"$(inherited)",
					"@executable_path/Frameworks",
				);
				PRODUCT_BUNDLE_IDENTIFIER = "astromedicomp.org.Three-Lights-Fragment";
				PRODUCT_NAME = "$(TARGET_NAME)";
				TARGETED_DEVICE_FAMILY = 1;
			};
			name = Release;
		};
/* End XCBuildConfiguration section */

/* Begin XCConfigurationList section */
		730841A720FF6443004DE88A /* Build configuration list for PBXProject "Three_Lights_Fragment" */ = {
			isa = XCConfigurationList;
			buildConfigurations = (
				730841C020FF6445004DE88A /* Debug */,
				730841C120FF6445004DE88A /* Release */,
			);
			defaultConfigurationIsVisible = 0;
			defaultConfigurationName = Release;
		};
		730841C220FF6445004DE88A /* Build configuration list for PBXNativeTarget "Three_Lights_Fragment" */ = {
			isa = XCConfigurationList;
			buildConfigurations = (
				730841C320FF6445004DE88A /* Debug */,
				730841C420FF6445004DE88A /* Release */,
			);
			defaultConfigurationIsVisible = 0;
			defaultConfigurationName = Release;
		};
/* End XCConfigurationList section */
	};
	rootObject = 730841A420FF6443004DE88A /* Project object */;
}
